
Microsoft Visual Studio Solution File, Format Version 12.00
# Visual Studio Version 16
VisualStudioVersion = 16.0.32630.194
MinimumVisualStudioVersion = 10.0.40219.1
Project("{FAE04EC0-301F-11D3-BF4B-00C04F79EFBC}") = "A5", "A5\A5.csproj", "{0158B6BC-D92E-46CB-BFE0-E1599DBAF853}"
EndProject
Global
	GlobalSection(SolutionConfigurationPlatforms) = preSolution
		Debug|Any CPU = Debug|Any CPU
		Release|Any CPU = Release|Any CPU
	EndGlobalSection
	GlobalSection(ProjectConfigurationPlatforms) = postSolution
		{0158B6BC-D92E-46CB-BFE0-E1599DBAF853}.Debug|Any CPU.ActiveCfg = Debug|Any CPU
		{0158B6BC-D92E-46CB-BFE0-E1599DBAF853}.Debug|Any CPU.Build.0 = Debug|Any CPU
		{0158B6BC-D92E-46CB-BFE0-E1599DBAF853}.Release|Any CPU.ActiveCfg = Release|Any CPU
		{0158B6BC-D92E-46CB-BFE0-E1599DBAF853}.Release|Any CPU.Build.0 = Release|Any CPU
	EndGlobalSection
	GlobalSection(SolutionProperties) = preSolution
		HideSolutionNode = FALSE
	EndGlobalSection
	GlobalSection(ExtensibilityGlobals) = postSolution
		SolutionGuid = {246864CF-5CA4-431B-A91A-77A4CDDF1C7E}
	EndGlobalSection
EndGlobal
