
Microsoft Visual Studio Solution File, Format Version 12.00
# Visual Studio Version 17
VisualStudioVersion = 17.0.32112.339
MinimumVisualStudioVersion = 10.0.40219.1
Project("{9A19103F-16F7-4668-BE54-9A1E7A4F7556}") = "A3-2", "A3-2\A3-2.csproj", "{2D7CA285-4B70-411B-9743-6D18EFF1022F}"
EndProject
Global
	GlobalSection(SolutionConfigurationPlatforms) = preSolution
		Debug|Any CPU = Debug|Any CPU
		Release|Any CPU = Release|Any CPU
	EndGlobalSection
	GlobalSection(ProjectConfigurationPlatforms) = postSolution
		{2D7CA285-4B70-411B-9743-6D18EFF1022F}.Debug|Any CPU.ActiveCfg = Debug|Any CPU
		{2D7CA285-4B70-411B-9743-6D18EFF1022F}.Debug|Any CPU.Build.0 = Debug|Any CPU
		{2D7CA285-4B70-411B-9743-6D18EFF1022F}.Release|Any CPU.ActiveCfg = Release|Any CPU
		{2D7CA285-4B70-411B-9743-6D18EFF1022F}.Release|Any CPU.Build.0 = Release|Any CPU
	EndGlobalSection
	GlobalSection(SolutionProperties) = preSolution
		HideSolutionNode = FALSE
	EndGlobalSection
	GlobalSection(ExtensibilityGlobals) = postSolution
		SolutionGuid = {07433A5E-0EC6-47B2-9E09-A76CC722DA8D}
	EndGlobalSection
EndGlobal
